
Microsoft Visual Studio Solution File, Format Version 12.00
# Visual Studio Version 16
VisualStudioVersion = 16.0.29521.150
MinimumVisualStudioVersion = 10.0.40219.1
Project("{9A19103F-16F7-4668-BE54-9A1E7A4F7556}") = "Tripous", "Tripous\Tripous.csproj", "{F86149F6-9E5D-45DD-ADB0-7FC9EB93A18D}"
EndProject
Project("{9A19103F-16F7-4668-BE54-9A1E7A4F7556}") = "Tripous.Data", "Tripous.Data\Tripous.Data.csproj", "{107B6A1E-4A14-418D-B3BB-9ECA829DAAB2}"
EndProject
Project("{9A19103F-16F7-4668-BE54-9A1E7A4F7556}") = "Tripous.Data.Dapper", "Tripous.Data.Dapper\Tripous.Data.Dapper.csproj", "{14F2DEF2-CC8D-489D-8F39-E34AFA05E01D}"
EndProject
Project("{9A19103F-16F7-4668-BE54-9A1E7A4F7556}") = "Tripous.Model", "Tripous.Model\Tripous.Model.csproj", "{97DFD734-4F76-4325-AF8B-8A4971BAE607}"
EndProject
Project("{9A19103F-16F7-4668-BE54-9A1E7A4F7556}") = "Tripous.Web", "Tripous.Web\Tripous.Web.csproj", "{C20027BA-B718-4267-8B27-7977F567CD04}"
EndProject
Project("{2150E333-8FDC-42A3-9474-1A3956D46DE8}") = "Solution Items", "Solution Items", "{C71BC01D-226B-4CFB-840D-0D43087680AB}"
	ProjectSection(SolutionItems) = preProject
		Licence.txt = Licence.txt
		ReadMe.md = ReadMe.md
		Temp.txt = Temp.txt
	EndProjectSection
EndProject
Project("{2150E333-8FDC-42A3-9474-1A3956D46DE8}") = "DevApps", "DevApps", "{9BAC24A5-C5C2-4C73-AC13-B0A92BDFE8D5}"
EndProject
Project("{FAE04EC0-301F-11D3-BF4B-00C04F79EFBC}") = "Tripous.Forms", "Tripous.Forms\Tripous.Forms.csproj", "{C6B4E447-AEC4-4147-A177-6F947F39E20F}"
EndProject
Project("{9A19103F-16F7-4668-BE54-9A1E7A4F7556}") = "Tripous.StandardApp", "Tripous.StandardApp\Tripous.StandardApp.csproj", "{E0CC08DC-7ACA-4C23-A5B0-464844681368}"
EndProject
Project("{9A19103F-16F7-4668-BE54-9A1E7A4F7556}") = "Tripous.ResLib", "Tripous.ResLib\Tripous.ResLib.csproj", "{3583D11F-17C2-449C-A3C3-4ECBA463A059}"
EndProject
Project("{9A19103F-16F7-4668-BE54-9A1E7A4F7556}") = "DevApp.Gtk", "DevApps\DevApp.Gtk\DevApp.Gtk.csproj", "{D1570B16-AE02-4EB9-8944-79E20A5DFEE2}"
EndProject
Project("{9A19103F-16F7-4668-BE54-9A1E7A4F7556}") = "DevApp.Lib", "DevApps\DevApp.Lib\DevApp.Lib.csproj", "{A2CFEA75-C6C7-486A-8B31-0823FBF1F7E8}"
EndProject
Project("{9A19103F-16F7-4668-BE54-9A1E7A4F7556}") = "DevApp.Web", "DevApps\DevApp.Web\DevApp.Web.csproj", "{0C51FE72-370A-4EA3-A2B7-DDA8E0247FC6}"
EndProject
Project("{FAE04EC0-301F-11D3-BF4B-00C04F79EFBC}") = "DevApp.WinForms", "DevApps\DevApp.WinForms\DevApp.WinForms.csproj", "{12D64F17-6CF8-4C11-80D4-7E999E673EB6}"
EndProject
Global
	GlobalSection(SolutionConfigurationPlatforms) = preSolution
		Debug|Any CPU = Debug|Any CPU
		Release|Any CPU = Release|Any CPU
	EndGlobalSection
	GlobalSection(ProjectConfigurationPlatforms) = postSolution
		{F86149F6-9E5D-45DD-ADB0-7FC9EB93A18D}.Debug|Any CPU.ActiveCfg = Debug|Any CPU
		{F86149F6-9E5D-45DD-ADB0-7FC9EB93A18D}.Debug|Any CPU.Build.0 = Debug|Any CPU
		{F86149F6-9E5D-45DD-ADB0-7FC9EB93A18D}.Release|Any CPU.ActiveCfg = Release|Any CPU
		{F86149F6-9E5D-45DD-ADB0-7FC9EB93A18D}.Release|Any CPU.Build.0 = Release|Any CPU
		{107B6A1E-4A14-418D-B3BB-9ECA829DAAB2}.Debug|Any CPU.ActiveCfg = Debug|Any CPU
		{107B6A1E-4A14-418D-B3BB-9ECA829DAAB2}.Debug|Any CPU.Build.0 = Debug|Any CPU
		{107B6A1E-4A14-418D-B3BB-9ECA829DAAB2}.Release|Any CPU.ActiveCfg = Release|Any CPU
		{107B6A1E-4A14-418D-B3BB-9ECA829DAAB2}.Release|Any CPU.Build.0 = Release|Any CPU
		{14F2DEF2-CC8D-489D-8F39-E34AFA05E01D}.Debug|Any CPU.ActiveCfg = Debug|Any CPU
		{14F2DEF2-CC8D-489D-8F39-E34AFA05E01D}.Debug|Any CPU.Build.0 = Debug|Any CPU
		{14F2DEF2-CC8D-489D-8F39-E34AFA05E01D}.Release|Any CPU.ActiveCfg = Release|Any CPU
		{14F2DEF2-CC8D-489D-8F39-E34AFA05E01D}.Release|Any CPU.Build.0 = Release|Any CPU
		{97DFD734-4F76-4325-AF8B-8A4971BAE607}.Debug|Any CPU.ActiveCfg = Debug|Any CPU
		{97DFD734-4F76-4325-AF8B-8A4971BAE607}.Debug|Any CPU.Build.0 = Debug|Any CPU
		{97DFD734-4F76-4325-AF8B-8A4971BAE607}.Release|Any CPU.ActiveCfg = Release|Any CPU
		{97DFD734-4F76-4325-AF8B-8A4971BAE607}.Release|Any CPU.Build.0 = Release|Any CPU
		{C20027BA-B718-4267-8B27-7977F567CD04}.Debug|Any CPU.ActiveCfg = Debug|Any CPU
		{C20027BA-B718-4267-8B27-7977F567CD04}.Debug|Any CPU.Build.0 = Debug|Any CPU
		{C20027BA-B718-4267-8B27-7977F567CD04}.Release|Any CPU.ActiveCfg = Release|Any CPU
		{C20027BA-B718-4267-8B27-7977F567CD04}.Release|Any CPU.Build.0 = Release|Any CPU
		{C6B4E447-AEC4-4147-A177-6F947F39E20F}.Debug|Any CPU.ActiveCfg = Debug|Any CPU
		{C6B4E447-AEC4-4147-A177-6F947F39E20F}.Debug|Any CPU.Build.0 = Debug|Any CPU
		{C6B4E447-AEC4-4147-A177-6F947F39E20F}.Release|Any CPU.ActiveCfg = Release|Any CPU
		{C6B4E447-AEC4-4147-A177-6F947F39E20F}.Release|Any CPU.Build.0 = Release|Any CPU
		{E0CC08DC-7ACA-4C23-A5B0-464844681368}.Debug|Any CPU.ActiveCfg = Debug|Any CPU
		{E0CC08DC-7ACA-4C23-A5B0-464844681368}.Debug|Any CPU.Build.0 = Debug|Any CPU
		{E0CC08DC-7ACA-4C23-A5B0-464844681368}.Release|Any CPU.ActiveCfg = Release|Any CPU
		{E0CC08DC-7ACA-4C23-A5B0-464844681368}.Release|Any CPU.Build.0 = Release|Any CPU
		{3583D11F-17C2-449C-A3C3-4ECBA463A059}.Debug|Any CPU.ActiveCfg = Debug|Any CPU
		{3583D11F-17C2-449C-A3C3-4ECBA463A059}.Debug|Any CPU.Build.0 = Debug|Any CPU
		{3583D11F-17C2-449C-A3C3-4ECBA463A059}.Release|Any CPU.ActiveCfg = Release|Any CPU
		{3583D11F-17C2-449C-A3C3-4ECBA463A059}.Release|Any CPU.Build.0 = Release|Any CPU
		{D1570B16-AE02-4EB9-8944-79E20A5DFEE2}.Debug|Any CPU.ActiveCfg = Debug|Any CPU
		{D1570B16-AE02-4EB9-8944-79E20A5DFEE2}.Debug|Any CPU.Build.0 = Debug|Any CPU
		{D1570B16-AE02-4EB9-8944-79E20A5DFEE2}.Release|Any CPU.ActiveCfg = Release|Any CPU
		{D1570B16-AE02-4EB9-8944-79E20A5DFEE2}.Release|Any CPU.Build.0 = Release|Any CPU
		{A2CFEA75-C6C7-486A-8B31-0823FBF1F7E8}.Debug|Any CPU.ActiveCfg = Debug|Any CPU
		{A2CFEA75-C6C7-486A-8B31-0823FBF1F7E8}.Debug|Any CPU.Build.0 = Debug|Any CPU
		{A2CFEA75-C6C7-486A-8B31-0823FBF1F7E8}.Release|Any CPU.ActiveCfg = Release|Any CPU
		{A2CFEA75-C6C7-486A-8B31-0823FBF1F7E8}.Release|Any CPU.Build.0 = Release|Any CPU
		{0C51FE72-370A-4EA3-A2B7-DDA8E0247FC6}.Debug|Any CPU.ActiveCfg = Debug|Any CPU
		{0C51FE72-370A-4EA3-A2B7-DDA8E0247FC6}.Debug|Any CPU.Build.0 = Debug|Any CPU
		{0C51FE72-370A-4EA3-A2B7-DDA8E0247FC6}.Release|Any CPU.ActiveCfg = Release|Any CPU
		{0C51FE72-370A-4EA3-A2B7-DDA8E0247FC6}.Release|Any CPU.Build.0 = Release|Any CPU
		{12D64F17-6CF8-4C11-80D4-7E999E673EB6}.Debug|Any CPU.ActiveCfg = Debug|Any CPU
		{12D64F17-6CF8-4C11-80D4-7E999E673EB6}.Debug|Any CPU.Build.0 = Debug|Any CPU
		{12D64F17-6CF8-4C11-80D4-7E999E673EB6}.Release|Any CPU.ActiveCfg = Release|Any CPU
		{12D64F17-6CF8-4C11-80D4-7E999E673EB6}.Release|Any CPU.Build.0 = Release|Any CPU
	EndGlobalSection
	GlobalSection(SolutionProperties) = preSolution
		HideSolutionNode = FALSE
	EndGlobalSection
	GlobalSection(NestedProjects) = preSolution
		{D1570B16-AE02-4EB9-8944-79E20A5DFEE2} = {9BAC24A5-C5C2-4C73-AC13-B0A92BDFE8D5}
		{A2CFEA75-C6C7-486A-8B31-0823FBF1F7E8} = {9BAC24A5-C5C2-4C73-AC13-B0A92BDFE8D5}
		{0C51FE72-370A-4EA3-A2B7-DDA8E0247FC6} = {9BAC24A5-C5C2-4C73-AC13-B0A92BDFE8D5}
		{12D64F17-6CF8-4C11-80D4-7E999E673EB6} = {9BAC24A5-C5C2-4C73-AC13-B0A92BDFE8D5}
	EndGlobalSection
	GlobalSection(ExtensibilityGlobals) = postSolution
		SolutionGuid = {08DFB328-69FB-497C-B5A3-8DA577C76E9A}
	EndGlobalSection
EndGlobal
